// !$*UTF8*$!
{
	archiveVersion = 1;
	classes = {
	};
	objectVersion = 46;
	objects = {

/* Begin PBXBuildFile section */
		E10CED3F1C05270E0037F216 /* Config.swift in Sources */ = {isa = PBXBuildFile; fileRef = E10CED3E1C05270E0037F216 /* Config.swift */; };
		E10CED431C0534FC0037F216 /* MainPageViewController.swift in Sources */ = {isa = PBXBuildFile; fileRef = E10CED421C0534FC0037F216 /* MainPageViewController.swift */; };
		E1CC71F01C037EBE00C26575 /* AppDelegate.swift in Sources */ = {isa = PBXBuildFile; fileRef = E1CC71EF1C037EBE00C26575 /* AppDelegate.swift */; };
		E1CC71F21C037EBE00C26575 /* ViewController.swift in Sources */ = {isa = PBXBuildFile; fileRef = E1CC71F11C037EBE00C26575 /* ViewController.swift */; };
		E1CC71F51C037EBE00C26575 /* Main.storyboard in Resources */ = {isa = PBXBuildFile; fileRef = E1CC71F31C037EBE00C26575 /* Main.storyboard */; };
		E1CC71F71C037EBE00C26575 /* Assets.xcassets in Resources */ = {isa = PBXBuildFile; fileRef = E1CC71F61C037EBE00C26575 /* Assets.xcassets */; };
		E1CC71FA1C037EBE00C26575 /* LaunchScreen.storyboard in Resources */ = {isa = PBXBuildFile; fileRef = E1CC71F81C037EBE00C26575 /* LaunchScreen.storyboard */; };
		E1CC72021C03878A00C26575 /* SignUpViewController.swift in Sources */ = {isa = PBXBuildFile; fileRef = E1CC72011C03878A00C26575 /* SignUpViewController.swift */; };
/* End PBXBuildFile section */

/* Begin PBXFileReference section */
		E10CED3E1C05270E0037F216 /* Config.swift */ = {isa = PBXFileReference; fileEncoding = 4; lastKnownFileType = sourcecode.swift; path = Config.swift; sourceTree = "<group>"; };
		E10CED421C0534FC0037F216 /* MainPageViewController.swift */ = {isa = PBXFileReference; fileEncoding = 4; lastKnownFileType = sourcecode.swift; path = MainPageViewController.swift; sourceTree = "<group>"; };
		E1CC71EC1C037EBE00C26575 /* Registration.app */ = {isa = PBXFileReference; explicitFileType = wrapper.application; includeInIndex = 0; path = Registration.app; sourceTree = BUILT_PRODUCTS_DIR; };
		E1CC71EF1C037EBE00C26575 /* AppDelegate.swift */ = {isa = PBXFileReference; lastKnownFileType = sourcecode.swift; path = AppDelegate.swift; sourceTree = "<group>"; };
		E1CC71F11C037EBE00C26575 /* ViewController.swift */ = {isa = PBXFileReference; lastKnownFileType = sourcecode.swift; path = ViewController.swift; sourceTree = "<group>"; };
		E1CC71F41C037EBE00C26575 /* Base */ = {isa = PBXFileReference; lastKnownFileType = file.storyboard; name = Base; path = Base.lproj/Main.storyboard; sourceTree = "<group>"; };
		E1CC71F61C037EBE00C26575 /* Assets.xcassets */ = {isa = PBXFileReference; lastKnownFileType = folder.assetcatalog; path = Assets.xcassets; sourceTree = "<group>"; };
		E1CC71F91C037EBE00C26575 /* Base */ = {isa = PBXFileReference; lastKnownFileType = file.storyboard; name = Base; path = Base.lproj/LaunchScreen.storyboard; sourceTree = "<group>"; };
		E1CC71FB1C037EBE00C26575 /* Info.plist */ = {isa = PBXFileReference; lastKnownFileType = text.plist.xml; path = Info.plist; sourceTree = "<group>"; };
		E1CC72011C03878A00C26575 /* SignUpViewController.swift */ = {isa = PBXFileReference; fileEncoding = 4; lastKnownFileType = sourcecode.swift; path = SignUpViewController.swift; sourceTree = "<group>"; };
/* End PBXFileReference section */

/* Begin PBXFrameworksBuildPhase section */
		E1CC71E91C037EBE00C26575 /* Frameworks */ = {
			isa = PBXFrameworksBuildPhase;
			buildActionMask = 2147483647;
			files = (
			);
			runOnlyForDeploymentPostprocessing = 0;
		};
/* End PBXFrameworksBuildPhase section */

/* Begin PBXGroup section */
		E18451381C0FE80400F26E96 /* Config */ = {
			isa = PBXGroup;
			children = (
				E1CC71F81C037EBE00C26575 /* LaunchScreen.storyboard */,
				E10CED3E1C05270E0037F216 /* Config.swift */,
				E1CC71FB1C037EBE00C26575 /* Info.plist */,
			);
			name = Config;
			sourceTree = "<group>";
		};
		E1CC71E31C037EBE00C26575 = {
			isa = PBXGroup;
			children = (
				E1CC71EE1C037EBE00C26575 /* Registration */,
				E1CC71ED1C037EBE00C26575 /* Products */,
			);
			sourceTree = "<group>";
		};
		E1CC71ED1C037EBE00C26575 /* Products */ = {
			isa = PBXGroup;
			children = (
				E1CC71EC1C037EBE00C26575 /* Registration.app */,
			);
			name = Products;
			sourceTree = "<group>";
		};
		E1CC71EE1C037EBE00C26575 /* Registration */ = {
			isa = PBXGroup;
			children = (
				E1CC71EF1C037EBE00C26575 /* AppDelegate.swift */,
				E1CC72011C03878A00C26575 /* SignUpViewController.swift */,
				E10CED421C0534FC0037F216 /* MainPageViewController.swift */,
				E1CC71F11C037EBE00C26575 /* ViewController.swift */,
				E1CC71F31C037EBE00C26575 /* Main.storyboard */,
				E1CC71F61C037EBE00C26575 /* Assets.xcassets */,
				E18451381C0FE80400F26E96 /* Config */,
			);
			path = Registration;
			sourceTree = "<group>";
		};
/* End PBXGroup section */

/* Begin PBXNativeTarget section */
		E1CC71EB1C037EBE00C26575 /* Registration */ = {
			isa = PBXNativeTarget;
			buildConfigurationList = E1CC71FE1C037EBE00C26575 /* Build configuration list for PBXNativeTarget "Registration" */;
			buildPhases = (
				E1CC71E81C037EBE00C26575 /* Sources */,
				E1CC71E91C037EBE00C26575 /* Frameworks */,
				E1CC71EA1C037EBE00C26575 /* Resources */,
			);
			buildRules = (
			);
			dependencies = (
			);
			name = Registration;
			productName = Registration;
			productReference = E1CC71EC1C037EBE00C26575 /* Registration.app */;
			productType = "com.apple.product-type.application";
		};
/* End PBXNativeTarget section */

/* Begin PBXProject section */
		E1CC71E41C037EBE00C26575 /* Project object */ = {
			isa = PBXProject;
			attributes = {
				LastSwiftUpdateCheck = 0710;
				LastUpgradeCheck = 0710;
				ORGANIZATIONNAME = "Chris Mendez";
				TargetAttributes = {
					E1CC71EB1C037EBE00C26575 = {
						CreatedOnToolsVersion = 7.1.1;
					};
				};
			};
			buildConfigurationList = E1CC71E71C037EBE00C26575 /* Build configuration list for PBXProject "Registration" */;
			compatibilityVersion = "Xcode 3.2";
			developmentRegion = English;
			hasScannedForEncodings = 0;
			knownRegions = (
				en,
				Base,
			);
			mainGroup = E1CC71E31C037EBE00C26575;
			productRefGroup = E1CC71ED1C037EBE00C26575 /* Products */;
			projectDirPath = "";
			projectRoot = "";
			targets = (
				E1CC71EB1C037EBE00C26575 /* Registration */,
			);
		};
/* End PBXProject section */

/* Begin PBXResourcesBuildPhase section */
		E1CC71EA1C037EBE00C26575 /* Resources */ = {
			isa = PBXResourcesBuildPhase;
			buildActionMask = 2147483647;
			files = (
				E1CC71FA1C037EBE00C26575 /* LaunchScreen.storyboard in Resources */,
				E1CC71F71C037EBE00C26575 /* Assets.xcassets in Resources */,
				E1CC71F51C037EBE00C26575 /* Main.storyboard in Resources */,
			);
			runOnlyForDeploymentPostprocessing = 0;
		};
/* End PBXResourcesBuildPhase section */

/* Begin PBXSourcesBuildPhase section */
		E1CC71E81C037EBE00C26575 /* Sources */ = {
			isa = PBXSourcesBuildPhase;
			buildActionMask = 2147483647;
			files = (
				E10CED431C0534FC0037F216 /* MainPageViewController.swift in Sources */,
				E1CC72021C03878A00C26575 /* SignUpViewController.swift in Sources */,
				E10CED3F1C05270E0037F216 /* Config.swift in Sources */,
				E1CC71F21C037EBE00C26575 /* ViewController.swift in Sources */,
				E1CC71F01C037EBE00C26575 /* AppDelegate.swift in Sources */,
			);
			runOnlyForDeploymentPostprocessing = 0;
		};
/* End PBXSourcesBuildPhase section */

/* Begin PBXVariantGroup section */
		E1CC71F31C037EBE00C26575 /* Main.storyboard */ = {
			isa = PBXVariantGroup;
			children = (
				E1CC71F41C037EBE00C26575 /* Base */,
			);
			name = Main.storyboard;
			sourceTree = "<group>";
		};
		E1CC71F81C037EBE00C26575 /* LaunchScreen.storyboard */ = {
			isa = PBXVariantGroup;
			children = (
				E1CC71F91C037EBE00C26575 /* Base */,
			);
			name = LaunchScreen.storyboard;
			sourceTree = "<group>";
		};
/* End PBXVariantGroup section */

/* Begin XCBuildConfiguration section */
		E1CC71FC1C037EBE00C26575 /* Debug */ = {
			isa = XCBuildConfiguration;
			buildSettings = {
				ALWAYS_SEARCH_USER_PATHS = NO;
				CLANG_CXX_LANGUAGE_STANDARD = "gnu++0x";
				CLANG_CXX_LIBRARY = "libc++";
				CLANG_ENABLE_MODULES = YES;
				CLANG_ENABLE_OBJC_ARC = YES;
				CLANG_WARN_BOOL_CONVERSION = YES;
				CLANG_WARN_CONSTANT_CONVERSION = YES;
				CLANG_WARN_DIRECT_OBJC_ISA_USAGE = YES_ERROR;
				CLANG_WARN_EMPTY_BODY = YES;
				CLANG_WARN_ENUM_CONVERSION = YES;
				CLANG_WARN_INT_CONVERSION = YES;
				CLANG_WARN_OBJC_ROOT_CLASS = YES_ERROR;
				CLANG_WARN_UNREACHABLE_CODE = YES;
				CLANG_WARN__DUPLICATE_METHOD_MATCH = YES;
				"CODE_SIGN_IDENTITY[sdk=iphoneos*]" = "iPhone Developer";
				COPY_PHASE_STRIP = NO;
				DEBUG_INFORMATION_FORMAT = dwarf;
				ENABLE_STRICT_OBJC_MSGSEND = YES;
				ENABLE_TESTABILITY = YES;
				GCC_C_LANGUAGE_STANDARD = gnu99;
				GCC_DYNAMIC_NO_PIC = NO;
				GCC_NO_COMMON_BLOCKS = YES;
				GCC_OPTIMIZATION_LEVEL = 0;
				GCC_PREPROCESSOR_DEFINITIONS = (
					"DEBUG=1",
					"$(inherited)",
				);
				GCC_WARN_64_TO_32_BIT_CONVERSION = YES;
				GCC_WARN_ABOUT_RETURN_TYPE = YES_ERROR;
				GCC_WARN_UNDECLARED_SELECTOR = YES;
				GCC_WARN_UNINITIALIZED_AUTOS = YES_AGGRESSIVE;
				GCC_WARN_UNUSED_FUNCTION = YES;
				GCC_WARN_UNUSED_VARIABLE = YES;
				IPHONEOS_DEPLOYMENT_TARGET = 9.1;
				MTL_ENABLE_DEBUG_INFO = YES;
				ONLY_ACTIVE_ARCH = YES;
				SDKROOT = iphoneos;
				SWIFT_OPTIMIZATION_LEVEL = "-Onone";
			};
			name = Debug;
		};
		E1CC71FD1C037EBE00C26575 /* Release */ = {
			isa = XCBuildConfiguration;
			buildSettings = {
				ALWAYS_SEARCH_USER_PATHS = NO;
				CLANG_CXX_LANGUAGE_STANDARD = "gnu++0x";
				CLANG_CXX_LIBRARY = "libc++";
				CLANG_ENABLE_MODULES = YES;
				CLANG_ENABLE_OBJC_ARC = YES;
				CLANG_WARN_BOOL_CONVERSION = YES;
				CLANG_WARN_CONSTANT_CONVERSION = YES;
				CLANG_WARN_DIRECT_OBJC_ISA_USAGE = YES_ERROR;
				CLANG_WARN_EMPTY_BODY = YES;
				CLANG_WARN_ENUM_CONVERSION = YES;
				CLANG_WARN_INT_CONVERSION = YES;
				CLANG_WARN_OBJC_ROOT_CLASS = YES_ERROR;
				CLANG_WARN_UNREACHABLE_CODE = YES;
				CLANG_WARN__DUPLICATE_METHOD_MATCH = YES;
				"CODE_SIGN_IDENTITY[sdk=iphoneos*]" = "iPhone Developer";
				COPY_PHASE_STRIP = NO;
				DEBUG_INFORMATION_FORMAT = "dwarf-with-dsym";
				ENABLE_NS_ASSERTIONS = NO;
				ENABLE_STRICT_OBJC_MSGSEND = YES;
				GCC_C_LANGUAGE_STANDARD = gnu99;
				GCC_NO_COMMON_BLOCKS = YES;
				GCC_WARN_64_TO_32_BIT_CONVERSION = YES;
				GCC_WARN_ABOUT_RETURN_TYPE = YES_ERROR;
				GCC_WARN_UNDECLARED_SELECTOR = YES;
				GCC_WARN_UNINITIALIZED_AUTOS = YES_AGGRESSIVE;
				GCC_WARN_UNUSED_FUNCTION = YES;
				GCC_WARN_UNUSED_VARIABLE = YES;
				IPHONEOS_DEPLOYMENT_TARGET = 9.1;
				MTL_ENABLE_DEBUG_INFO = NO;
				SDKROOT = iphoneos;
				VALIDATE_PRODUCT = YES;
			};
			name = Release;
		};
		E1CC71FF1C037EBE00C26575 /* Debug */ = {
			isa = XCBuildConfiguration;
			buildSettings = {
				ASSETCATALOG_COMPILER_APPICON_NAME = AppIcon;
				INFOPLIST_FILE = Registration/Info.plist;
				LD_RUNPATH_SEARCH_PATHS = "$(inherited) @executable_path/Frameworks";
				PRODUCT_BUNDLE_IDENTIFIER = com.chrisjmendez.Registration;
				PRODUCT_NAME = "$(TARGET_NAME)";
			};
			name = Debug;
		};
		E1CC72001C037EBE00C26575 /* Release */ = {
			isa = XCBuildConfiguration;
			buildSettings = {
				ASSETCATALOG_COMPILER_APPICON_NAME = AppIcon;
				INFOPLIST_FILE = Registration/Info.plist;
				LD_RUNPATH_SEARCH_PATHS = "$(inherited) @executable_path/Frameworks";
				PRODUCT_BUNDLE_IDENTIFIER = com.chrisjmendez.Registration;
				PRODUCT_NAME = "$(TARGET_NAME)";
			};
			name = Release;
		};
/* End XCBuildConfiguration section */

/* Begin XCConfigurationList section */
		E1CC71E71C037EBE00C26575 /* Build configuration list for PBXProject "Registration" */ = {
			isa = XCConfigurationList;
			buildConfigurations = (
				E1CC71FC1C037EBE00C26575 /* Debug */,
				E1CC71FD1C037EBE00C26575 /* Release */,
			);
			defaultConfigurationIsVisible = 0;
			defaultConfigurationName = Release;
		};
		E1CC71FE1C037EBE00C26575 /* Build configuration list for PBXNativeTarget "Registration" */ = {
			isa = XCConfigurationList;
			buildConfigurations = (
				E1CC71FF1C037EBE00C26575 /* Debug */,
				E1CC72001C037EBE00C26575 /* Release */,
			);
			defaultConfigurationIsVisible = 0;
			defaultConfigurationName = Release;
		};
/* End XCConfigurationList section */
	};
	rootObject = E1CC71E41C037EBE00C26575 /* Project object */;
}
